
Microsoft Visual Studio Solution File, Format Version 12.00
# Visual Studio Version 17
VisualStudioVersion = 17.7.34024.191
MinimumVisualStudioVersion = 10.0.40219.1
Project("{8BC9CEB8-8B4A-11D0-8D11-00A0C91BC942}") = "01. Basic Stack Operations", "01. Basic Stack Operations\01. Basic Stack Operations.vcxproj", "{58F4B750-5F7C-4147-A7C7-A909567D4E6A}"
EndProject
Project("{8BC9CEB8-8B4A-11D0-8D11-00A0C91BC942}") = "02. Basic Queue Operations", "02. Basic Queue Operations\02. Basic Queue Operations.vcxproj", "{F8C3FAF9-0FA7-4C74-9E4C-01454EBF0CE6}"
EndProject
Project("{8BC9CEB8-8B4A-11D0-8D11-00A0C91BC942}") = "03. Maximum and Minimum Element", "03. Maximum and Minimum Element\03. Maximum and Minimum Element.vcxproj", "{CCA5DFE0-1673-4ECD-B1FF-31EAB49587F8}"
EndProject
Project("{8BC9CEB8-8B4A-11D0-8D11-00A0C91BC942}") = "04. Fast Food", "04. Fast Food\04. Fast Food.vcxproj", "{7A6073DC-B631-4D19-BC8A-E458F2CCC57E}"
EndProject
Project("{8BC9CEB8-8B4A-11D0-8D11-00A0C91BC942}") = "05. Fashion Boutique", "05. Fashion Boutique\05. Fashion Boutique.vcxproj", "{8190C616-18AE-4CC4-9211-A13C8AF91EDA}"
EndProject
Project("{8BC9CEB8-8B4A-11D0-8D11-00A0C91BC942}") = "06. Truck Tour", "06. Truck Tour\06. Truck Tour.vcxproj", "{5FB130EE-2E07-4A12-812C-83EEBB94A5B6}"
EndProject
Project("{8BC9CEB8-8B4A-11D0-8D11-00A0C91BC942}") = "07. Balanced Parenthesis", "07. Balanced Parenthesis\07. Balanced Parenthesis.vcxproj", "{7F6B7CB4-739C-4D01-8183-D899B8368EB5}"
EndProject
Project("{8BC9CEB8-8B4A-11D0-8D11-00A0C91BC942}") = "test", "test\test.vcxproj", "{EF9FF797-D1F6-44E5-AB2C-FACBC42F2728}"
EndProject
Global
	GlobalSection(SolutionConfigurationPlatforms) = preSolution
		Debug|x64 = Debug|x64
		Debug|x86 = Debug|x86
		Release|x64 = Release|x64
		Release|x86 = Release|x86
	EndGlobalSection
	GlobalSection(ProjectConfigurationPlatforms) = postSolution
		{58F4B750-5F7C-4147-A7C7-A909567D4E6A}.Debug|x64.ActiveCfg = Debug|x64
		{58F4B750-5F7C-4147-A7C7-A909567D4E6A}.Debug|x64.Build.0 = Debug|x64
		{58F4B750-5F7C-4147-A7C7-A909567D4E6A}.Debug|x86.ActiveCfg = Debug|Win32
		{58F4B750-5F7C-4147-A7C7-A909567D4E6A}.Debug|x86.Build.0 = Debug|Win32
		{58F4B750-5F7C-4147-A7C7-A909567D4E6A}.Release|x64.ActiveCfg = Release|x64
		{58F4B750-5F7C-4147-A7C7-A909567D4E6A}.Release|x64.Build.0 = Release|x64
		{58F4B750-5F7C-4147-A7C7-A909567D4E6A}.Release|x86.ActiveCfg = Release|Win32
		{58F4B750-5F7C-4147-A7C7-A909567D4E6A}.Release|x86.Build.0 = Release|Win32
		{F8C3FAF9-0FA7-4C74-9E4C-01454EBF0CE6}.Debug|x64.ActiveCfg = Debug|x64
		{F8C3FAF9-0FA7-4C74-9E4C-01454EBF0CE6}.Debug|x64.Build.0 = Debug|x64
		{F8C3FAF9-0FA7-4C74-9E4C-01454EBF0CE6}.Debug|x86.ActiveCfg = Debug|Win32
		{F8C3FAF9-0FA7-4C74-9E4C-01454EBF0CE6}.Debug|x86.Build.0 = Debug|Win32
		{F8C3FAF9-0FA7-4C74-9E4C-01454EBF0CE6}.Release|x64.ActiveCfg = Release|x64
		{F8C3FAF9-0FA7-4C74-9E4C-01454EBF0CE6}.Release|x64.Build.0 = Release|x64
		{F8C3FAF9-0FA7-4C74-9E4C-01454EBF0CE6}.Release|x86.ActiveCfg = Release|Win32
		{F8C3FAF9-0FA7-4C74-9E4C-01454EBF0CE6}.Release|x86.Build.0 = Release|Win32
		{CCA5DFE0-1673-4ECD-B1FF-31EAB49587F8}.Debug|x64.ActiveCfg = Debug|x64
		{CCA5DFE0-1673-4ECD-B1FF-31EAB49587F8}.Debug|x64.Build.0 = Debug|x64
		{CCA5DFE0-1673-4ECD-B1FF-31EAB49587F8}.Debug|x86.ActiveCfg = Debug|Win32
		{CCA5DFE0-1673-4ECD-B1FF-31EAB49587F8}.Debug|x86.Build.0 = Debug|Win32
		{CCA5DFE0-1673-4ECD-B1FF-31EAB49587F8}.Release|x64.ActiveCfg = Release|x64
		{CCA5DFE0-1673-4ECD-B1FF-31EAB49587F8}.Release|x64.Build.0 = Release|x64
		{CCA5DFE0-1673-4ECD-B1FF-31EAB49587F8}.Release|x86.ActiveCfg = Release|Win32
		{CCA5DFE0-1673-4ECD-B1FF-31EAB49587F8}.Release|x86.Build.0 = Release|Win32
		{7A6073DC-B631-4D19-BC8A-E458F2CCC57E}.Debug|x64.ActiveCfg = Debug|x64
		{7A6073DC-B631-4D19-BC8A-E458F2CCC57E}.Debug|x64.Build.0 = Debug|x64
		{7A6073DC-B631-4D19-BC8A-E458F2CCC57E}.Debug|x86.ActiveCfg = Debug|Win32
		{7A6073DC-B631-4D19-BC8A-E458F2CCC57E}.Debug|x86.Build.0 = Debug|Win32
		{7A6073DC-B631-4D19-BC8A-E458F2CCC57E}.Release|x64.ActiveCfg = Release|x64
		{7A6073DC-B631-4D19-BC8A-E458F2CCC57E}.Release|x64.Build.0 = Release|x64
		{7A6073DC-B631-4D19-BC8A-E458F2CCC57E}.Release|x86.ActiveCfg = Release|Win32
		{7A6073DC-B631-4D19-BC8A-E458F2CCC57E}.Release|x86.Build.0 = Release|Win32
		{8190C616-18AE-4CC4-9211-A13C8AF91EDA}.Debug|x64.ActiveCfg = Debug|x64
		{8190C616-18AE-4CC4-9211-A13C8AF91EDA}.Debug|x64.Build.0 = Debug|x64
		{8190C616-18AE-4CC4-9211-A13C8AF91EDA}.Debug|x86.ActiveCfg = Debug|Win32
		{8190C616-18AE-4CC4-9211-A13C8AF91EDA}.Debug|x86.Build.0 = Debug|Win32
		{8190C616-18AE-4CC4-9211-A13C8AF91EDA}.Release|x64.ActiveCfg = Release|x64
		{8190C616-18AE-4CC4-9211-A13C8AF91EDA}.Release|x64.Build.0 = Release|x64
		{8190C616-18AE-4CC4-9211-A13C8AF91EDA}.Release|x86.ActiveCfg = Release|Win32
		{8190C616-18AE-4CC4-9211-A13C8AF91EDA}.Release|x86.Build.0 = Release|Win32
		{5FB130EE-2E07-4A12-812C-83EEBB94A5B6}.Debug|x64.ActiveCfg = Debug|x64
		{5FB130EE-2E07-4A12-812C-83EEBB94A5B6}.Debug|x64.Build.0 = Debug|x64
		{5FB130EE-2E07-4A12-812C-83EEBB94A5B6}.Debug|x86.ActiveCfg = Debug|Win32
		{5FB130EE-2E07-4A12-812C-83EEBB94A5B6}.Debug|x86.Build.0 = Debug|Win32
		{5FB130EE-2E07-4A12-812C-83EEBB94A5B6}.Release|x64.ActiveCfg = Release|x64
		{5FB130EE-2E07-4A12-812C-83EEBB94A5B6}.Release|x64.Build.0 = Release|x64
		{5FB130EE-2E07-4A12-812C-83EEBB94A5B6}.Release|x86.ActiveCfg = Release|Win32
		{5FB130EE-2E07-4A12-812C-83EEBB94A5B6}.Release|x86.Build.0 = Release|Win32
		{7F6B7CB4-739C-4D01-8183-D899B8368EB5}.Debug|x64.ActiveCfg = Debug|x64
		{7F6B7CB4-739C-4D01-8183-D899B8368EB5}.Debug|x64.Build.0 = Debug|x64
		{7F6B7CB4-739C-4D01-8183-D899B8368EB5}.Debug|x86.ActiveCfg = Debug|Win32
		{7F6B7CB4-739C-4D01-8183-D899B8368EB5}.Debug|x86.Build.0 = Debug|Win32
		{7F6B7CB4-739C-4D01-8183-D899B8368EB5}.Release|x64.ActiveCfg = Release|x64
		{7F6B7CB4-739C-4D01-8183-D899B8368EB5}.Release|x64.Build.0 = Release|x64
		{7F6B7CB4-739C-4D01-8183-D899B8368EB5}.Release|x86.ActiveCfg = Release|Win32
		{7F6B7CB4-739C-4D01-8183-D899B8368EB5}.Release|x86.Build.0 = Release|Win32
		{EF9FF797-D1F6-44E5-AB2C-FACBC42F2728}.Debug|x64.ActiveCfg = Debug|x64
		{EF9FF797-D1F6-44E5-AB2C-FACBC42F2728}.Debug|x64.Build.0 = Debug|x64
		{EF9FF797-D1F6-44E5-AB2C-FACBC42F2728}.Debug|x86.ActiveCfg = Debug|Win32
		{EF9FF797-D1F6-44E5-AB2C-FACBC42F2728}.Debug|x86.Build.0 = Debug|Win32
		{EF9FF797-D1F6-44E5-AB2C-FACBC42F2728}.Release|x64.ActiveCfg = Release|x64
		{EF9FF797-D1F6-44E5-AB2C-FACBC42F2728}.Release|x64.Build.0 = Release|x64
		{EF9FF797-D1F6-44E5-AB2C-FACBC42F2728}.Release|x86.ActiveCfg = Release|Win32
		{EF9FF797-D1F6-44E5-AB2C-FACBC42F2728}.Release|x86.Build.0 = Release|Win32
	EndGlobalSection
	GlobalSection(SolutionProperties) = preSolution
		HideSolutionNode = FALSE
	EndGlobalSection
	GlobalSection(ExtensibilityGlobals) = postSolution
		SolutionGuid = {F9694D1D-7749-4126-AA49-81FE91CF074A}
	EndGlobalSection
EndGlobal
