
Microsoft Visual Studio Solution File, Format Version 12.00
# Visual Studio Version 17
VisualStudioVersion = 17.7.34024.191
MinimumVisualStudioVersion = 10.0.40219.1
Project("{8BC9CEB8-8B4A-11D0-8D11-00A0C91BC942}") = "Demo 01", "Demo 01\Demo 01.vcxproj", "{D14D020F-0063-418A-960A-49F3C0915AC8}"
EndProject
Project("{8BC9CEB8-8B4A-11D0-8D11-00A0C91BC942}") = "Demo 02", "Demo 2\Demo 2.vcxproj", "{DB4B5A54-52CC-42D4-B18D-F8EEFA75A59D}"
EndProject
Project("{8BC9CEB8-8B4A-11D0-8D11-00A0C91BC942}") = "Demo 03", "Demo 03\Demo 03.vcxproj", "{BAD04748-078E-4B83-9ED3-71BE66D2B156}"
EndProject
Project("{8BC9CEB8-8B4A-11D0-8D11-00A0C91BC942}") = "01. Count Same Values in Array", "01. Count Same Values in Array\01. Count Same Values in Array.vcxproj", "{613B0D60-648A-411C-AF8F-1926F3E77A25}"
EndProject
Project("{8BC9CEB8-8B4A-11D0-8D11-00A0C91BC942}") = "02. Average Student Grades", "02. Average Student Grades\02. Average Student Grades.vcxproj", "{972080DD-F47F-4614-A0CE-346AD6D75AF1}"
EndProject
Project("{8BC9CEB8-8B4A-11D0-8D11-00A0C91BC942}") = "03. Cities by Continent and Country", "03. Cities by Continent and Country\03. Cities by Continent and Country.vcxproj", "{446F7485-B737-40EA-AD65-195CE75D3264}"
EndProject
Project("{8BC9CEB8-8B4A-11D0-8D11-00A0C91BC942}") = "04. Record Unique Names", "04. Record Unique Names\04. Record Unique Names.vcxproj", "{E7AD6345-D196-4FAE-99E8-E3E94782C284}"
EndProject
Project("{8BC9CEB8-8B4A-11D0-8D11-00A0C91BC942}") = "02. Average Student Grades by D", "04. Record Unique Names by D\04. Record Unique Names by D.vcxproj", "{9064A326-4754-4E25-9758-7EA061332B2C}"
EndProject
Project("{8BC9CEB8-8B4A-11D0-8D11-00A0C91BC942}") = "03. Cities by Continent and Country by D", "03. Cities by Continent and Country by D\03. Cities by Continent and Country by D.vcxproj", "{40BEC477-0143-4D5F-B310-A85E3EBE6667}"
EndProject
Project("{8BC9CEB8-8B4A-11D0-8D11-00A0C91BC942}") = "05. Parking Lot", "05. Parking Lot\05. Parking Lot.vcxproj", "{D383B88A-D549-4AFF-8962-AC06197B2563}"
EndProject
Project("{8BC9CEB8-8B4A-11D0-8D11-00A0C91BC942}") = "06. Unique Usernames", "06. Unique Usernames\06. Unique Usernames.vcxproj", "{C53BF442-C2E1-44AD-B102-4C84F2A3EF34}"
EndProject
Project("{8BC9CEB8-8B4A-11D0-8D11-00A0C91BC942}") = "07. Sets of Elements", "07. Sets of Elements\07. Sets of Elements.vcxproj", "{A3E6E76E-F53E-4AAE-9DDD-BF22498E1E29}"
EndProject
Project("{8BC9CEB8-8B4A-11D0-8D11-00A0C91BC942}") = "08. Even Times", "08. Even Times\08. Even Times.vcxproj", "{86E6EA55-D024-4000-9733-9631556ABF6E}"
EndProject
Global
	GlobalSection(SolutionConfigurationPlatforms) = preSolution
		Debug|x64 = Debug|x64
		Debug|x86 = Debug|x86
		Release|x64 = Release|x64
		Release|x86 = Release|x86
	EndGlobalSection
	GlobalSection(ProjectConfigurationPlatforms) = postSolution
		{D14D020F-0063-418A-960A-49F3C0915AC8}.Debug|x64.ActiveCfg = Debug|x64
		{D14D020F-0063-418A-960A-49F3C0915AC8}.Debug|x64.Build.0 = Debug|x64
		{D14D020F-0063-418A-960A-49F3C0915AC8}.Debug|x86.ActiveCfg = Debug|Win32
		{D14D020F-0063-418A-960A-49F3C0915AC8}.Debug|x86.Build.0 = Debug|Win32
		{D14D020F-0063-418A-960A-49F3C0915AC8}.Release|x64.ActiveCfg = Release|x64
		{D14D020F-0063-418A-960A-49F3C0915AC8}.Release|x64.Build.0 = Release|x64
		{D14D020F-0063-418A-960A-49F3C0915AC8}.Release|x86.ActiveCfg = Release|Win32
		{D14D020F-0063-418A-960A-49F3C0915AC8}.Release|x86.Build.0 = Release|Win32
		{DB4B5A54-52CC-42D4-B18D-F8EEFA75A59D}.Debug|x64.ActiveCfg = Debug|x64
		{DB4B5A54-52CC-42D4-B18D-F8EEFA75A59D}.Debug|x64.Build.0 = Debug|x64
		{DB4B5A54-52CC-42D4-B18D-F8EEFA75A59D}.Debug|x86.ActiveCfg = Debug|Win32
		{DB4B5A54-52CC-42D4-B18D-F8EEFA75A59D}.Debug|x86.Build.0 = Debug|Win32
		{DB4B5A54-52CC-42D4-B18D-F8EEFA75A59D}.Release|x64.ActiveCfg = Release|x64
		{DB4B5A54-52CC-42D4-B18D-F8EEFA75A59D}.Release|x64.Build.0 = Release|x64
		{DB4B5A54-52CC-42D4-B18D-F8EEFA75A59D}.Release|x86.ActiveCfg = Release|Win32
		{DB4B5A54-52CC-42D4-B18D-F8EEFA75A59D}.Release|x86.Build.0 = Release|Win32
		{BAD04748-078E-4B83-9ED3-71BE66D2B156}.Debug|x64.ActiveCfg = Debug|x64
		{BAD04748-078E-4B83-9ED3-71BE66D2B156}.Debug|x64.Build.0 = Debug|x64
		{BAD04748-078E-4B83-9ED3-71BE66D2B156}.Debug|x86.ActiveCfg = Debug|Win32
		{BAD04748-078E-4B83-9ED3-71BE66D2B156}.Debug|x86.Build.0 = Debug|Win32
		{BAD04748-078E-4B83-9ED3-71BE66D2B156}.Release|x64.ActiveCfg = Release|x64
		{BAD04748-078E-4B83-9ED3-71BE66D2B156}.Release|x64.Build.0 = Release|x64
		{BAD04748-078E-4B83-9ED3-71BE66D2B156}.Release|x86.ActiveCfg = Release|Win32
		{BAD04748-078E-4B83-9ED3-71BE66D2B156}.Release|x86.Build.0 = Release|Win32
		{613B0D60-648A-411C-AF8F-1926F3E77A25}.Debug|x64.ActiveCfg = Debug|x64
		{613B0D60-648A-411C-AF8F-1926F3E77A25}.Debug|x64.Build.0 = Debug|x64
		{613B0D60-648A-411C-AF8F-1926F3E77A25}.Debug|x86.ActiveCfg = Debug|Win32
		{613B0D60-648A-411C-AF8F-1926F3E77A25}.Debug|x86.Build.0 = Debug|Win32
		{613B0D60-648A-411C-AF8F-1926F3E77A25}.Release|x64.ActiveCfg = Release|x64
		{613B0D60-648A-411C-AF8F-1926F3E77A25}.Release|x64.Build.0 = Release|x64
		{613B0D60-648A-411C-AF8F-1926F3E77A25}.Release|x86.ActiveCfg = Release|Win32
		{613B0D60-648A-411C-AF8F-1926F3E77A25}.Release|x86.Build.0 = Release|Win32
		{972080DD-F47F-4614-A0CE-346AD6D75AF1}.Debug|x64.ActiveCfg = Debug|x64
		{972080DD-F47F-4614-A0CE-346AD6D75AF1}.Debug|x64.Build.0 = Debug|x64
		{972080DD-F47F-4614-A0CE-346AD6D75AF1}.Debug|x86.ActiveCfg = Debug|Win32
		{972080DD-F47F-4614-A0CE-346AD6D75AF1}.Debug|x86.Build.0 = Debug|Win32
		{972080DD-F47F-4614-A0CE-346AD6D75AF1}.Release|x64.ActiveCfg = Release|x64
		{972080DD-F47F-4614-A0CE-346AD6D75AF1}.Release|x64.Build.0 = Release|x64
		{972080DD-F47F-4614-A0CE-346AD6D75AF1}.Release|x86.ActiveCfg = Release|Win32
		{972080DD-F47F-4614-A0CE-346AD6D75AF1}.Release|x86.Build.0 = Release|Win32
		{446F7485-B737-40EA-AD65-195CE75D3264}.Debug|x64.ActiveCfg = Debug|x64
		{446F7485-B737-40EA-AD65-195CE75D3264}.Debug|x64.Build.0 = Debug|x64
		{446F7485-B737-40EA-AD65-195CE75D3264}.Debug|x86.ActiveCfg = Debug|Win32
		{446F7485-B737-40EA-AD65-195CE75D3264}.Debug|x86.Build.0 = Debug|Win32
		{446F7485-B737-40EA-AD65-195CE75D3264}.Release|x64.ActiveCfg = Release|x64
		{446F7485-B737-40EA-AD65-195CE75D3264}.Release|x64.Build.0 = Release|x64
		{446F7485-B737-40EA-AD65-195CE75D3264}.Release|x86.ActiveCfg = Release|Win32
		{446F7485-B737-40EA-AD65-195CE75D3264}.Release|x86.Build.0 = Release|Win32
		{E7AD6345-D196-4FAE-99E8-E3E94782C284}.Debug|x64.ActiveCfg = Debug|x64
		{E7AD6345-D196-4FAE-99E8-E3E94782C284}.Debug|x64.Build.0 = Debug|x64
		{E7AD6345-D196-4FAE-99E8-E3E94782C284}.Debug|x86.ActiveCfg = Debug|Win32
		{E7AD6345-D196-4FAE-99E8-E3E94782C284}.Debug|x86.Build.0 = Debug|Win32
		{E7AD6345-D196-4FAE-99E8-E3E94782C284}.Release|x64.ActiveCfg = Release|x64
		{E7AD6345-D196-4FAE-99E8-E3E94782C284}.Release|x64.Build.0 = Release|x64
		{E7AD6345-D196-4FAE-99E8-E3E94782C284}.Release|x86.ActiveCfg = Release|Win32
		{E7AD6345-D196-4FAE-99E8-E3E94782C284}.Release|x86.Build.0 = Release|Win32
		{9064A326-4754-4E25-9758-7EA061332B2C}.Debug|x64.ActiveCfg = Debug|x64
		{9064A326-4754-4E25-9758-7EA061332B2C}.Debug|x64.Build.0 = Debug|x64
		{9064A326-4754-4E25-9758-7EA061332B2C}.Debug|x86.ActiveCfg = Debug|Win32
		{9064A326-4754-4E25-9758-7EA061332B2C}.Debug|x86.Build.0 = Debug|Win32
		{9064A326-4754-4E25-9758-7EA061332B2C}.Release|x64.ActiveCfg = Release|x64
		{9064A326-4754-4E25-9758-7EA061332B2C}.Release|x64.Build.0 = Release|x64
		{9064A326-4754-4E25-9758-7EA061332B2C}.Release|x86.ActiveCfg = Release|Win32
		{9064A326-4754-4E25-9758-7EA061332B2C}.Release|x86.Build.0 = Release|Win32
		{40BEC477-0143-4D5F-B310-A85E3EBE6667}.Debug|x64.ActiveCfg = Debug|x64
		{40BEC477-0143-4D5F-B310-A85E3EBE6667}.Debug|x64.Build.0 = Debug|x64
		{40BEC477-0143-4D5F-B310-A85E3EBE6667}.Debug|x86.ActiveCfg = Debug|Win32
		{40BEC477-0143-4D5F-B310-A85E3EBE6667}.Debug|x86.Build.0 = Debug|Win32
		{40BEC477-0143-4D5F-B310-A85E3EBE6667}.Release|x64.ActiveCfg = Release|x64
		{40BEC477-0143-4D5F-B310-A85E3EBE6667}.Release|x64.Build.0 = Release|x64
		{40BEC477-0143-4D5F-B310-A85E3EBE6667}.Release|x86.ActiveCfg = Release|Win32
		{40BEC477-0143-4D5F-B310-A85E3EBE6667}.Release|x86.Build.0 = Release|Win32
		{D383B88A-D549-4AFF-8962-AC06197B2563}.Debug|x64.ActiveCfg = Debug|x64
		{D383B88A-D549-4AFF-8962-AC06197B2563}.Debug|x64.Build.0 = Debug|x64
		{D383B88A-D549-4AFF-8962-AC06197B2563}.Debug|x86.ActiveCfg = Debug|Win32
		{D383B88A-D549-4AFF-8962-AC06197B2563}.Debug|x86.Build.0 = Debug|Win32
		{D383B88A-D549-4AFF-8962-AC06197B2563}.Release|x64.ActiveCfg = Release|x64
		{D383B88A-D549-4AFF-8962-AC06197B2563}.Release|x64.Build.0 = Release|x64
		{D383B88A-D549-4AFF-8962-AC06197B2563}.Release|x86.ActiveCfg = Release|Win32
		{D383B88A-D549-4AFF-8962-AC06197B2563}.Release|x86.Build.0 = Release|Win32
		{C53BF442-C2E1-44AD-B102-4C84F2A3EF34}.Debug|x64.ActiveCfg = Debug|x64
		{C53BF442-C2E1-44AD-B102-4C84F2A3EF34}.Debug|x64.Build.0 = Debug|x64
		{C53BF442-C2E1-44AD-B102-4C84F2A3EF34}.Debug|x86.ActiveCfg = Debug|Win32
		{C53BF442-C2E1-44AD-B102-4C84F2A3EF34}.Debug|x86.Build.0 = Debug|Win32
		{C53BF442-C2E1-44AD-B102-4C84F2A3EF34}.Release|x64.ActiveCfg = Release|x64
		{C53BF442-C2E1-44AD-B102-4C84F2A3EF34}.Release|x64.Build.0 = Release|x64
		{C53BF442-C2E1-44AD-B102-4C84F2A3EF34}.Release|x86.ActiveCfg = Release|Win32
		{C53BF442-C2E1-44AD-B102-4C84F2A3EF34}.Release|x86.Build.0 = Release|Win32
		{A3E6E76E-F53E-4AAE-9DDD-BF22498E1E29}.Debug|x64.ActiveCfg = Debug|x64
		{A3E6E76E-F53E-4AAE-9DDD-BF22498E1E29}.Debug|x64.Build.0 = Debug|x64
		{A3E6E76E-F53E-4AAE-9DDD-BF22498E1E29}.Debug|x86.ActiveCfg = Debug|Win32
		{A3E6E76E-F53E-4AAE-9DDD-BF22498E1E29}.Debug|x86.Build.0 = Debug|Win32
		{A3E6E76E-F53E-4AAE-9DDD-BF22498E1E29}.Release|x64.ActiveCfg = Release|x64
		{A3E6E76E-F53E-4AAE-9DDD-BF22498E1E29}.Release|x64.Build.0 = Release|x64
		{A3E6E76E-F53E-4AAE-9DDD-BF22498E1E29}.Release|x86.ActiveCfg = Release|Win32
		{A3E6E76E-F53E-4AAE-9DDD-BF22498E1E29}.Release|x86.Build.0 = Release|Win32
		{86E6EA55-D024-4000-9733-9631556ABF6E}.Debug|x64.ActiveCfg = Debug|x64
		{86E6EA55-D024-4000-9733-9631556ABF6E}.Debug|x64.Build.0 = Debug|x64
		{86E6EA55-D024-4000-9733-9631556ABF6E}.Debug|x86.ActiveCfg = Debug|Win32
		{86E6EA55-D024-4000-9733-9631556ABF6E}.Debug|x86.Build.0 = Debug|Win32
		{86E6EA55-D024-4000-9733-9631556ABF6E}.Release|x64.ActiveCfg = Release|x64
		{86E6EA55-D024-4000-9733-9631556ABF6E}.Release|x64.Build.0 = Release|x64
		{86E6EA55-D024-4000-9733-9631556ABF6E}.Release|x86.ActiveCfg = Release|Win32
		{86E6EA55-D024-4000-9733-9631556ABF6E}.Release|x86.Build.0 = Release|Win32
	EndGlobalSection
	GlobalSection(SolutionProperties) = preSolution
		HideSolutionNode = FALSE
	EndGlobalSection
	GlobalSection(ExtensibilityGlobals) = postSolution
		SolutionGuid = {545A1C7B-C2A3-4D74-AED5-DCC10E4459E6}
	EndGlobalSection
EndGlobal
