
Microsoft Visual Studio Solution File, Format Version 12.00
# Visual Studio Version 17
VisualStudioVersion = 17.7.34024.191
MinimumVisualStudioVersion = 10.0.40219.1
Project("{8BC9CEB8-8B4A-11D0-8D11-00A0C91BC942}") = "00_01_Demo", "00_01_Demo\00_01_Demo.vcxproj", "{74413155-757D-49CF-BFAF-3146A6F13918}"
EndProject
Project("{8BC9CEB8-8B4A-11D0-8D11-00A0C91BC942}") = "00_02_Demo", "00_02_Demo\00_02_Demo.vcxproj", "{7B932E85-72B1-4F45-9906-415D619475FD}"
EndProject
Project("{8BC9CEB8-8B4A-11D0-8D11-00A0C91BC942}") = "00_03_Demo", "00_03_Demo\00_03_Demo.vcxproj", "{A2074DEB-3970-4EBA-AF27-614A4FC16B6D}"
EndProject
Project("{8BC9CEB8-8B4A-11D0-8D11-00A0C91BC942}") = "00_04_Demo", "00_04_Demo\00_04_Demo.vcxproj", "{9D022CF6-5164-46A6-A176-86BF5586B0E5}"
EndProject
Global
	GlobalSection(SolutionConfigurationPlatforms) = preSolution
		Debug|x64 = Debug|x64
		Debug|x86 = Debug|x86
		Release|x64 = Release|x64
		Release|x86 = Release|x86
	EndGlobalSection
	GlobalSection(ProjectConfigurationPlatforms) = postSolution
		{74413155-757D-49CF-BFAF-3146A6F13918}.Debug|x64.ActiveCfg = Debug|x64
		{74413155-757D-49CF-BFAF-3146A6F13918}.Debug|x64.Build.0 = Debug|x64
		{74413155-757D-49CF-BFAF-3146A6F13918}.Debug|x86.ActiveCfg = Debug|Win32
		{74413155-757D-49CF-BFAF-3146A6F13918}.Debug|x86.Build.0 = Debug|Win32
		{74413155-757D-49CF-BFAF-3146A6F13918}.Release|x64.ActiveCfg = Release|x64
		{74413155-757D-49CF-BFAF-3146A6F13918}.Release|x64.Build.0 = Release|x64
		{74413155-757D-49CF-BFAF-3146A6F13918}.Release|x86.ActiveCfg = Release|Win32
		{74413155-757D-49CF-BFAF-3146A6F13918}.Release|x86.Build.0 = Release|Win32
		{7B932E85-72B1-4F45-9906-415D619475FD}.Debug|x64.ActiveCfg = Debug|x64
		{7B932E85-72B1-4F45-9906-415D619475FD}.Debug|x64.Build.0 = Debug|x64
		{7B932E85-72B1-4F45-9906-415D619475FD}.Debug|x86.ActiveCfg = Debug|Win32
		{7B932E85-72B1-4F45-9906-415D619475FD}.Debug|x86.Build.0 = Debug|Win32
		{7B932E85-72B1-4F45-9906-415D619475FD}.Release|x64.ActiveCfg = Release|x64
		{7B932E85-72B1-4F45-9906-415D619475FD}.Release|x64.Build.0 = Release|x64
		{7B932E85-72B1-4F45-9906-415D619475FD}.Release|x86.ActiveCfg = Release|Win32
		{7B932E85-72B1-4F45-9906-415D619475FD}.Release|x86.Build.0 = Release|Win32
		{A2074DEB-3970-4EBA-AF27-614A4FC16B6D}.Debug|x64.ActiveCfg = Debug|x64
		{A2074DEB-3970-4EBA-AF27-614A4FC16B6D}.Debug|x64.Build.0 = Debug|x64
		{A2074DEB-3970-4EBA-AF27-614A4FC16B6D}.Debug|x86.ActiveCfg = Debug|Win32
		{A2074DEB-3970-4EBA-AF27-614A4FC16B6D}.Debug|x86.Build.0 = Debug|Win32
		{A2074DEB-3970-4EBA-AF27-614A4FC16B6D}.Release|x64.ActiveCfg = Release|x64
		{A2074DEB-3970-4EBA-AF27-614A4FC16B6D}.Release|x64.Build.0 = Release|x64
		{A2074DEB-3970-4EBA-AF27-614A4FC16B6D}.Release|x86.ActiveCfg = Release|Win32
		{A2074DEB-3970-4EBA-AF27-614A4FC16B6D}.Release|x86.Build.0 = Release|Win32
		{9D022CF6-5164-46A6-A176-86BF5586B0E5}.Debug|x64.ActiveCfg = Debug|x64
		{9D022CF6-5164-46A6-A176-86BF5586B0E5}.Debug|x64.Build.0 = Debug|x64
		{9D022CF6-5164-46A6-A176-86BF5586B0E5}.Debug|x86.ActiveCfg = Debug|Win32
		{9D022CF6-5164-46A6-A176-86BF5586B0E5}.Debug|x86.Build.0 = Debug|Win32
		{9D022CF6-5164-46A6-A176-86BF5586B0E5}.Release|x64.ActiveCfg = Release|x64
		{9D022CF6-5164-46A6-A176-86BF5586B0E5}.Release|x64.Build.0 = Release|x64
		{9D022CF6-5164-46A6-A176-86BF5586B0E5}.Release|x86.ActiveCfg = Release|Win32
		{9D022CF6-5164-46A6-A176-86BF5586B0E5}.Release|x86.Build.0 = Release|Win32
	EndGlobalSection
	GlobalSection(SolutionProperties) = preSolution
		HideSolutionNode = FALSE
	EndGlobalSection
	GlobalSection(ExtensibilityGlobals) = postSolution
		SolutionGuid = {094AFC36-0EB3-4AC0-B2F4-36F989C3584A}
	EndGlobalSection
EndGlobal
